
Microsoft Visual Studio Solution File, Format Version 12.00
# Visual Studio Version 16
VisualStudioVersion = 16.0.30011.22
MinimumVisualStudioVersion = 10.0.40219.1
Project("{FAE04EC0-301F-11D3-BF4B-00C04F79EFBC}") = "Lab-CS-Grammarly", "Lab-CS-Grammarly.csproj", "{47E44E04-DDE3-4568-83F8-910CB4FD5642}"
EndProject
Global
	GlobalSection(SolutionConfigurationPlatforms) = preSolution
		Debug|Any CPU = Debug|Any CPU
		Release|Any CPU = Release|Any CPU
	EndGlobalSection
	GlobalSection(ProjectConfigurationPlatforms) = postSolution
		{47E44E04-DDE3-4568-83F8-910CB4FD5642}.Debug|Any CPU.ActiveCfg = Debug|Any CPU
		{47E44E04-DDE3-4568-83F8-910CB4FD5642}.Debug|Any CPU.Build.0 = Debug|Any CPU
		{47E44E04-DDE3-4568-83F8-910CB4FD5642}.Release|Any CPU.ActiveCfg = Release|Any CPU
		{47E44E04-DDE3-4568-83F8-910CB4FD5642}.Release|Any CPU.Build.0 = Release|Any CPU
	EndGlobalSection
	GlobalSection(SolutionProperties) = preSolution
		HideSolutionNode = FALSE
	EndGlobalSection
	GlobalSection(ExtensibilityGlobals) = postSolution
		SolutionGuid = {E9935E8D-FAD3-49D8-B591-0DCDDCDB10A5}
	EndGlobalSection
EndGlobal
